{
  "name": "sluhumslhack",
  "version": "1.0.0",
  "lockfileVersion": 1,
  "requires": true,
  "dependencies": {
    "mapwize": {
      "version": "3.2.1",
      "resolved": "https://registry.npmjs.org/mapwize/-/mapwize-3.2.1.tgz",
      "integrity": "sha512-EfMqwR/wWLK2w2BjHXnqigVwKxbIYyKqHwwYWQqmCmKl4B1HxEY33TgEnLNzl5mZsJp/AhqpMb110blsBd5kuw=="
    }
  }
}
